
Microsoft Visual Studio Solution File, Format Version 12.00
# Visual Studio Version 17
VisualStudioVersion = 17.0.31903.59
MinimumVisualStudioVersion = 10.0.40219.1
Project("{2150E333-8FDC-42A3-9474-1A3956D46DE8}") = "src", "src", "{827E0CD3-B72D-47B6-A68D-7590B98EB39B}"
EndProject
Project("{FAE04EC0-301F-11D3-BF4B-00C04F79EFBC}") = "MCPal.Contracts", "src\MCPal.Contracts\MCPal.Contracts.csproj", "{6408142E-7504-4AF6-80ED-88D3FF6DADB9}"
EndProject
Project("{FAE04EC0-301F-11D3-BF4B-00C04F79EFBC}") = "MCPal.Cloud", "src\MCPal.Cloud\MCPal.Cloud.csproj", "{88D9FB24-C820-4045-B343-020AE2E33804}"
EndProject
Project("{FAE04EC0-301F-11D3-BF4B-00C04F79EFBC}") = "MCPal.Agent", "src\MCPal.Agent\MCPal.Agent.csproj", "{A42AE06E-1406-484E-B718-3E310A5F618F}"
EndProject
Project("{2150E333-8FDC-42A3-9474-1A3956D46DE8}") = "tests", "tests", "{0AB3BF05-4346-4AA6-1389-037BE0695223}"
EndProject
Project("{FAE04EC0-301F-11D3-BF4B-00C04F79EFBC}") = "MCPal.Agent.Tests", "tests\MCPal.Agent.Tests\MCPal.Agent.Tests.csproj", "{57028CD4-19CF-4A67-9ECB-E146DB6EDF30}"
EndProject
Project("{FAE04EC0-301F-11D3-BF4B-00C04F79EFBC}") = "MCPal.Cloud.Tests", "tests\MCPal.Cloud.Tests\MCPal.Cloud.Tests.csproj", "{18EC89E2-A045-4655-BABE-D0B2E2047C02}"
EndProject
Project("{FAE04EC0-301F-11D3-BF4B-00C04F79EFBC}") = "MCPal.E2E.Tests", "tests\MCPal.E2E.Tests\MCPal.E2E.Tests.csproj", "{EE5B0336-8E10-49C3-A21F-EC17152EEF3D}"
EndProject
Project("{FAE04EC0-301F-11D3-BF4B-00C04F79EFBC}") = "MCPal.TestMcpServer", "tests\MCPal.TestMcpServer\MCPal.TestMcpServer.csproj", "{DCAB2363-7911-495A-A765-682D586511FC}"
EndProject
Global
	GlobalSection(SolutionConfigurationPlatforms) = preSolution
		Debug|Any CPU = Debug|Any CPU
		Debug|x64 = Debug|x64
		Debug|x86 = Debug|x86
		Release|Any CPU = Release|Any CPU
		Release|x64 = Release|x64
		Release|x86 = Release|x86
	EndGlobalSection
	GlobalSection(ProjectConfigurationPlatforms) = postSolution
		{6408142E-7504-4AF6-80ED-88D3FF6DADB9}.Debug|Any CPU.ActiveCfg = Debug|Any CPU
		{6408142E-7504-4AF6-80ED-88D3FF6DADB9}.Debug|Any CPU.Build.0 = Debug|Any CPU
		{6408142E-7504-4AF6-80ED-88D3FF6DADB9}.Debug|x64.ActiveCfg = Debug|Any CPU
		{6408142E-7504-4AF6-80ED-88D3FF6DADB9}.Debug|x64.Build.0 = Debug|Any CPU
		{6408142E-7504-4AF6-80ED-88D3FF6DADB9}.Debug|x86.ActiveCfg = Debug|Any CPU
		{6408142E-7504-4AF6-80ED-88D3FF6DADB9}.Debug|x86.Build.0 = Debug|Any CPU
		{6408142E-7504-4AF6-80ED-88D3FF6DADB9}.Release|Any CPU.ActiveCfg = Release|Any CPU
		{6408142E-7504-4AF6-80ED-88D3FF6DADB9}.Release|Any CPU.Build.0 = Release|Any CPU
		{6408142E-7504-4AF6-80ED-88D3FF6DADB9}.Release|x64.ActiveCfg = Release|Any CPU
		{6408142E-7504-4AF6-80ED-88D3FF6DADB9}.Release|x64.Build.0 = Release|Any CPU
		{6408142E-7504-4AF6-80ED-88D3FF6DADB9}.Release|x86.ActiveCfg = Release|Any CPU
		{6408142E-7504-4AF6-80ED-88D3FF6DADB9}.Release|x86.Build.0 = Release|Any CPU
		{88D9FB24-C820-4045-B343-020AE2E33804}.Debug|Any CPU.ActiveCfg = Debug|Any CPU
		{88D9FB24-C820-4045-B343-020AE2E33804}.Debug|Any CPU.Build.0 = Debug|Any CPU
		{88D9FB24-C820-4045-B343-020AE2E33804}.Debug|x64.ActiveCfg = Debug|Any CPU
		{88D9FB24-C820-4045-B343-020AE2E33804}.Debug|x64.Build.0 = Debug|Any CPU
		{88D9FB24-C820-4045-B343-020AE2E33804}.Debug|x86.ActiveCfg = Debug|Any CPU
		{88D9FB24-C820-4045-B343-020AE2E33804}.Debug|x86.Build.0 = Debug|Any CPU
		{88D9FB24-C820-4045-B343-020AE2E33804}.Release|Any CPU.ActiveCfg = Release|Any CPU
		{88D9FB24-C820-4045-B343-020AE2E33804}.Release|Any CPU.Build.0 = Release|Any CPU
		{88D9FB24-C820-4045-B343-020AE2E33804}.Release|x64.ActiveCfg = Release|Any CPU
		{88D9FB24-C820-4045-B343-020AE2E33804}.Release|x64.Build.0 = Release|Any CPU
		{88D9FB24-C820-4045-B343-020AE2E33804}.Release|x86.ActiveCfg = Release|Any CPU
		{88D9FB24-C820-4045-B343-020AE2E33804}.Release|x86.Build.0 = Release|Any CPU
		{A42AE06E-1406-484E-B718-3E310A5F618F}.Debug|Any CPU.ActiveCfg = Debug|Any CPU
		{A42AE06E-1406-484E-B718-3E310A5F618F}.Debug|Any CPU.Build.0 = Debug|Any CPU
		{A42AE06E-1406-484E-B718-3E310A5F618F}.Debug|x64.ActiveCfg = Debug|Any CPU
		{A42AE06E-1406-484E-B718-3E310A5F618F}.Debug|x64.Build.0 = Debug|Any CPU
		{A42AE06E-1406-484E-B718-3E310A5F618F}.Debug|x86.ActiveCfg = Debug|Any CPU
		{A42AE06E-1406-484E-B718-3E310A5F618F}.Debug|x86.Build.0 = Debug|Any CPU
		{A42AE06E-1406-484E-B718-3E310A5F618F}.Release|Any CPU.ActiveCfg = Release|Any CPU
		{A42AE06E-1406-484E-B718-3E310A5F618F}.Release|Any CPU.Build.0 = Release|Any CPU
		{A42AE06E-1406-484E-B718-3E310A5F618F}.Release|x64.ActiveCfg = Release|Any CPU
		{A42AE06E-1406-484E-B718-3E310A5F618F}.Release|x64.Build.0 = Release|Any CPU
		{A42AE06E-1406-484E-B718-3E310A5F618F}.Release|x86.ActiveCfg = Release|Any CPU
		{A42AE06E-1406-484E-B718-3E310A5F618F}.Release|x86.Build.0 = Release|Any CPU
		{57028CD4-19CF-4A67-9ECB-E146DB6EDF30}.Debug|Any CPU.ActiveCfg = Debug|Any CPU
		{57028CD4-19CF-4A67-9ECB-E146DB6EDF30}.Debug|Any CPU.Build.0 = Debug|Any CPU
		{57028CD4-19CF-4A67-9ECB-E146DB6EDF30}.Debug|x64.ActiveCfg = Debug|Any CPU
		{57028CD4-19CF-4A67-9ECB-E146DB6EDF30}.Debug|x64.Build.0 = Debug|Any CPU
		{57028CD4-19CF-4A67-9ECB-E146DB6EDF30}.Debug|x86.ActiveCfg = Debug|Any CPU
		{57028CD4-19CF-4A67-9ECB-E146DB6EDF30}.Debug|x86.Build.0 = Debug|Any CPU
		{57028CD4-19CF-4A67-9ECB-E146DB6EDF30}.Release|Any CPU.ActiveCfg = Release|Any CPU
		{57028CD4-19CF-4A67-9ECB-E146DB6EDF30}.Release|Any CPU.Build.0 = Release|Any CPU
		{57028CD4-19CF-4A67-9ECB-E146DB6EDF30}.Release|x64.ActiveCfg = Release|Any CPU
		{57028CD4-19CF-4A67-9ECB-E146DB6EDF30}.Release|x64.Build.0 = Release|Any CPU
		{57028CD4-19CF-4A67-9ECB-E146DB6EDF30}.Release|x86.ActiveCfg = Release|Any CPU
		{57028CD4-19CF-4A67-9ECB-E146DB6EDF30}.Release|x86.Build.0 = Release|Any CPU
		{18EC89E2-A045-4655-BABE-D0B2E2047C02}.Debug|Any CPU.ActiveCfg = Debug|Any CPU
		{18EC89E2-A045-4655-BABE-D0B2E2047C02}.Debug|Any CPU.Build.0 = Debug|Any CPU
		{18EC89E2-A045-4655-BABE-D0B2E2047C02}.Debug|x64.ActiveCfg = Debug|Any CPU
		{18EC89E2-A045-4655-BABE-D0B2E2047C02}.Debug|x64.Build.0 = Debug|Any CPU
		{18EC89E2-A045-4655-BABE-D0B2E2047C02}.Debug|x86.ActiveCfg = Debug|Any CPU
		{18EC89E2-A045-4655-BABE-D0B2E2047C02}.Debug|x86.Build.0 = Debug|Any CPU
		{18EC89E2-A045-4655-BABE-D0B2E2047C02}.Release|Any CPU.ActiveCfg = Release|Any CPU
		{18EC89E2-A045-4655-BABE-D0B2E2047C02}.Release|Any CPU.Build.0 = Release|Any CPU
		{18EC89E2-A045-4655-BABE-D0B2E2047C02}.Release|x64.ActiveCfg = Release|Any CPU
		{18EC89E2-A045-4655-BABE-D0B2E2047C02}.Release|x64.Build.0 = Release|Any CPU
		{18EC89E2-A045-4655-BABE-D0B2E2047C02}.Release|x86.ActiveCfg = Release|Any CPU
		{18EC89E2-A045-4655-BABE-D0B2E2047C02}.Release|x86.Build.0 = Release|Any CPU
		{EE5B0336-8E10-49C3-A21F-EC17152EEF3D}.Debug|Any CPU.ActiveCfg = Debug|Any CPU
		{EE5B0336-8E10-49C3-A21F-EC17152EEF3D}.Debug|Any CPU.Build.0 = Debug|Any CPU
		{EE5B0336-8E10-49C3-A21F-EC17152EEF3D}.Debug|x64.ActiveCfg = Debug|Any CPU
		{EE5B0336-8E10-49C3-A21F-EC17152EEF3D}.Debug|x64.Build.0 = Debug|Any CPU
		{EE5B0336-8E10-49C3-A21F-EC17152EEF3D}.Debug|x86.ActiveCfg = Debug|Any CPU
		{EE5B0336-8E10-49C3-A21F-EC17152EEF3D}.Debug|x86.Build.0 = Debug|Any CPU
		{EE5B0336-8E10-49C3-A21F-EC17152EEF3D}.Release|Any CPU.ActiveCfg = Release|Any CPU
		{EE5B0336-8E10-49C3-A21F-EC17152EEF3D}.Release|Any CPU.Build.0 = Release|Any CPU
		{EE5B0336-8E10-49C3-A21F-EC17152EEF3D}.Release|x64.ActiveCfg = Release|Any CPU
		{EE5B0336-8E10-49C3-A21F-EC17152EEF3D}.Release|x64.Build.0 = Release|Any CPU
		{EE5B0336-8E10-49C3-A21F-EC17152EEF3D}.Release|x86.ActiveCfg = Release|Any CPU
		{EE5B0336-8E10-49C3-A21F-EC17152EEF3D}.Release|x86.Build.0 = Release|Any CPU
		{DCAB2363-7911-495A-A765-682D586511FC}.Debug|Any CPU.ActiveCfg = Debug|Any CPU
		{DCAB2363-7911-495A-A765-682D586511FC}.Debug|Any CPU.Build.0 = Debug|Any CPU
		{DCAB2363-7911-495A-A765-682D586511FC}.Debug|x64.ActiveCfg = Debug|Any CPU
		{DCAB2363-7911-495A-A765-682D586511FC}.Debug|x64.Build.0 = Debug|Any CPU
		{DCAB2363-7911-495A-A765-682D586511FC}.Debug|x86.ActiveCfg = Debug|Any CPU
		{DCAB2363-7911-495A-A765-682D586511FC}.Debug|x86.Build.0 = Debug|Any CPU
		{DCAB2363-7911-495A-A765-682D586511FC}.Release|Any CPU.ActiveCfg = Release|Any CPU
		{DCAB2363-7911-495A-A765-682D586511FC}.Release|Any CPU.Build.0 = Release|Any CPU
		{DCAB2363-7911-495A-A765-682D586511FC}.Release|x64.ActiveCfg = Release|Any CPU
		{DCAB2363-7911-495A-A765-682D586511FC}.Release|x64.Build.0 = Release|Any CPU
		{DCAB2363-7911-495A-A765-682D586511FC}.Release|x86.ActiveCfg = Release|Any CPU
		{DCAB2363-7911-495A-A765-682D586511FC}.Release|x86.Build.0 = Release|Any CPU
	EndGlobalSection
	GlobalSection(SolutionProperties) = preSolution
		HideSolutionNode = FALSE
	EndGlobalSection
	GlobalSection(NestedProjects) = preSolution
		{6408142E-7504-4AF6-80ED-88D3FF6DADB9} = {827E0CD3-B72D-47B6-A68D-7590B98EB39B}
		{88D9FB24-C820-4045-B343-020AE2E33804} = {827E0CD3-B72D-47B6-A68D-7590B98EB39B}
		{A42AE06E-1406-484E-B718-3E310A5F618F} = {827E0CD3-B72D-47B6-A68D-7590B98EB39B}
		{57028CD4-19CF-4A67-9ECB-E146DB6EDF30} = {0AB3BF05-4346-4AA6-1389-037BE0695223}
		{18EC89E2-A045-4655-BABE-D0B2E2047C02} = {0AB3BF05-4346-4AA6-1389-037BE0695223}
		{EE5B0336-8E10-49C3-A21F-EC17152EEF3D} = {0AB3BF05-4346-4AA6-1389-037BE0695223}
		{DCAB2363-7911-495A-A765-682D586511FC} = {0AB3BF05-4346-4AA6-1389-037BE0695223}
	EndGlobalSection
EndGlobal
